
Microsoft Visual Studio Solution File, Format Version 12.00
# Visual Studio Version 17
VisualStudioVersion = 17.4.33213.308
MinimumVisualStudioVersion = 10.0.40219.1
Project("{FAE04EC0-301F-11D3-BF4B-00C04F79EFBC}") = "AirdropAlgorandASA", "AirdropAlgorandASA\AirdropAlgorandASA.csproj", "{1F2955E5-2CBE-40FC-9EE0-B4363FB432B3}"
EndProject
Global
	GlobalSection(SolutionConfigurationPlatforms) = preSolution
		Debug|Any CPU = Debug|Any CPU
		Release|Any CPU = Release|Any CPU
	EndGlobalSection
	GlobalSection(ProjectConfigurationPlatforms) = postSolution
		{1F2955E5-2CBE-40FC-9EE0-B4363FB432B3}.Debug|Any CPU.ActiveCfg = Debug|Any CPU
		{1F2955E5-2CBE-40FC-9EE0-B4363FB432B3}.Debug|Any CPU.Build.0 = Debug|Any CPU
		{1F2955E5-2CBE-40FC-9EE0-B4363FB432B3}.Release|Any CPU.ActiveCfg = Release|Any CPU
		{1F2955E5-2CBE-40FC-9EE0-B4363FB432B3}.Release|Any CPU.Build.0 = Release|Any CPU
	EndGlobalSection
	GlobalSection(SolutionProperties) = preSolution
		HideSolutionNode = FALSE
	EndGlobalSection
	GlobalSection(ExtensibilityGlobals) = postSolution
		SolutionGuid = {28402180-EF1D-49B9-B80D-DA81D8539D7E}
	EndGlobalSection
EndGlobal
